
Microsoft Visual Studio Solution File, Format Version 12.00
# Visual Studio Version 17
VisualStudioVersion = 17.9.34616.47
MinimumVisualStudioVersion = 10.0.40219.1
Project("{FAE04EC0-301F-11D3-BF4B-00C04F79EFBC}") = "GerenciamentoPedidos", "GerenciamentoPedidos\GerenciamentoPedidos.csproj", "{4ABBB52D-35D6-4CC4-9546-586AE393D13A}"
EndProject
Global
	GlobalSection(SolutionConfigurationPlatforms) = preSolution
		Debug|Any CPU = Debug|Any CPU
		Release|Any CPU = Release|Any CPU
	EndGlobalSection
	GlobalSection(ProjectConfigurationPlatforms) = postSolution
		{4ABBB52D-35D6-4CC4-9546-586AE393D13A}.Debug|Any CPU.ActiveCfg = Debug|Any CPU
		{4ABBB52D-35D6-4CC4-9546-586AE393D13A}.Debug|Any CPU.Build.0 = Debug|Any CPU
		{4ABBB52D-35D6-4CC4-9546-586AE393D13A}.Release|Any CPU.ActiveCfg = Release|Any CPU
		{4ABBB52D-35D6-4CC4-9546-586AE393D13A}.Release|Any CPU.Build.0 = Release|Any CPU
	EndGlobalSection
	GlobalSection(SolutionProperties) = preSolution
		HideSolutionNode = FALSE
	EndGlobalSection
	GlobalSection(ExtensibilityGlobals) = postSolution
		SolutionGuid = {C345B321-3194-41B1-BE21-F884BF2BC52A}
	EndGlobalSection
EndGlobal
